
Microsoft Visual Studio Solution File, Format Version 12.00
# Visual Studio 15
VisualStudioVersion = 15.0.26430.6
MinimumVisualStudioVersion = 10.0.40219.1
Project("{FAE04EC0-301F-11D3-BF4B-00C04F79EFBC}") = "SerializationExamples", "SerializationExamples\SerializationExamples.csproj", "{72B17043-D0F9-42DF-A4B4-BC8BBA81A98C}"
EndProject
Project("{FAE04EC0-301F-11D3-BF4B-00C04F79EFBC}") = "XmlExample", "XmlExample\XmlExample.csproj", "{46CDE31D-0AB4-4CAE-93AB-C5931D7D5DFA}"
EndProject
Global
	GlobalSection(SolutionConfigurationPlatforms) = preSolution
		Debug|Any CPU = Debug|Any CPU
		Release|Any CPU = Release|Any CPU
	EndGlobalSection
	GlobalSection(ProjectConfigurationPlatforms) = postSolution
		{72B17043-D0F9-42DF-A4B4-BC8BBA81A98C}.Debug|Any CPU.ActiveCfg = Debug|Any CPU
		{72B17043-D0F9-42DF-A4B4-BC8BBA81A98C}.Debug|Any CPU.Build.0 = Debug|Any CPU
		{72B17043-D0F9-42DF-A4B4-BC8BBA81A98C}.Release|Any CPU.ActiveCfg = Release|Any CPU
		{72B17043-D0F9-42DF-A4B4-BC8BBA81A98C}.Release|Any CPU.Build.0 = Release|Any CPU
		{46CDE31D-0AB4-4CAE-93AB-C5931D7D5DFA}.Debug|Any CPU.ActiveCfg = Debug|Any CPU
		{46CDE31D-0AB4-4CAE-93AB-C5931D7D5DFA}.Debug|Any CPU.Build.0 = Debug|Any CPU
		{46CDE31D-0AB4-4CAE-93AB-C5931D7D5DFA}.Release|Any CPU.ActiveCfg = Release|Any CPU
		{46CDE31D-0AB4-4CAE-93AB-C5931D7D5DFA}.Release|Any CPU.Build.0 = Release|Any CPU
	EndGlobalSection
	GlobalSection(SolutionProperties) = preSolution
		HideSolutionNode = FALSE
	EndGlobalSection
EndGlobal
