
Microsoft Visual Studio Solution File, Format Version 12.00
# Visual Studio 15
VisualStudioVersion = 15.0.26430.6
MinimumVisualStudioVersion = 10.0.40219.1
Project("{FAE04EC0-301F-11D3-BF4B-00C04F79EFBC}") = "ClassExample", "ClassExample\ClassExample.csproj", "{AD81C9AF-DD44-49F3-B981-0147627FCDA6}"
EndProject
Project("{FAE04EC0-301F-11D3-BF4B-00C04F79EFBC}") = "ComplexExample", "ComplexExample\ComplexExample.csproj", "{06853CBF-FFE7-483A-AB1F-03ED60690E9C}"
EndProject
Global
	GlobalSection(SolutionConfigurationPlatforms) = preSolution
		Debug|Any CPU = Debug|Any CPU
		Release|Any CPU = Release|Any CPU
	EndGlobalSection
	GlobalSection(ProjectConfigurationPlatforms) = postSolution
		{AD81C9AF-DD44-49F3-B981-0147627FCDA6}.Debug|Any CPU.ActiveCfg = Debug|Any CPU
		{AD81C9AF-DD44-49F3-B981-0147627FCDA6}.Debug|Any CPU.Build.0 = Debug|Any CPU
		{AD81C9AF-DD44-49F3-B981-0147627FCDA6}.Release|Any CPU.ActiveCfg = Release|Any CPU
		{AD81C9AF-DD44-49F3-B981-0147627FCDA6}.Release|Any CPU.Build.0 = Release|Any CPU
		{06853CBF-FFE7-483A-AB1F-03ED60690E9C}.Debug|Any CPU.ActiveCfg = Debug|Any CPU
		{06853CBF-FFE7-483A-AB1F-03ED60690E9C}.Debug|Any CPU.Build.0 = Debug|Any CPU
		{06853CBF-FFE7-483A-AB1F-03ED60690E9C}.Release|Any CPU.ActiveCfg = Release|Any CPU
		{06853CBF-FFE7-483A-AB1F-03ED60690E9C}.Release|Any CPU.Build.0 = Release|Any CPU
	EndGlobalSection
	GlobalSection(SolutionProperties) = preSolution
		HideSolutionNode = FALSE
	EndGlobalSection
EndGlobal
